
Microsoft Visual Studio Solution File, Format Version 12.00
# Visual Studio Version 17
VisualStudioVersion = 17.8.34601.278
MinimumVisualStudioVersion = 10.0.40219.1
Project("{9A19103F-16F7-4668-BE54-9A1E7A4F7556}") = "FlagExplorer.Api", "FlagExplorer.Api\FlagExplorer.Api.csproj", "{6C015408-992E-468C-8BA0-266911963AE0}"
EndProject
Project("{9A19103F-16F7-4668-BE54-9A1E7A4F7556}") = "FlagExplorer.Domain", "FlagExplorer.Domain\FlagExplorer.Domain.csproj", "{FEE76E9C-2808-4341-9A12-468AC623C876}"
EndProject
Project("{9A19103F-16F7-4668-BE54-9A1E7A4F7556}") = "FlagExplorer.Application", "FlagExplorer.Application\FlagExplorer.Application.csproj", "{C5322C79-4859-4B75-8733-A7C4CF68DB4C}"
EndProject
Project("{9A19103F-16F7-4668-BE54-9A1E7A4F7556}") = "FlagExplorer.Infrastructure", "FlagExplorer.Infrastructure\FlagExplorer.Infrastructure.csproj", "{AD744A1D-95DA-450C-9ED6-35A13135888F}"
EndProject
Project("{9A19103F-16F7-4668-BE54-9A1E7A4F7556}") = "FlagExplorer.Testing", "FlagExplorer.Testing\FlagExplorer.Testing.csproj", "{2BF14796-EE61-4166-A4AE-6B3610B6C56F}"
EndProject
Global
	GlobalSection(SolutionConfigurationPlatforms) = preSolution
		Debug|Any CPU = Debug|Any CPU
		Release|Any CPU = Release|Any CPU
	EndGlobalSection
	GlobalSection(ProjectConfigurationPlatforms) = postSolution
		{6C015408-992E-468C-8BA0-266911963AE0}.Debug|Any CPU.ActiveCfg = Debug|Any CPU
		{6C015408-992E-468C-8BA0-266911963AE0}.Debug|Any CPU.Build.0 = Debug|Any CPU
		{6C015408-992E-468C-8BA0-266911963AE0}.Release|Any CPU.ActiveCfg = Release|Any CPU
		{6C015408-992E-468C-8BA0-266911963AE0}.Release|Any CPU.Build.0 = Release|Any CPU
		{FEE76E9C-2808-4341-9A12-468AC623C876}.Debug|Any CPU.ActiveCfg = Debug|Any CPU
		{FEE76E9C-2808-4341-9A12-468AC623C876}.Debug|Any CPU.Build.0 = Debug|Any CPU
		{FEE76E9C-2808-4341-9A12-468AC623C876}.Release|Any CPU.ActiveCfg = Release|Any CPU
		{FEE76E9C-2808-4341-9A12-468AC623C876}.Release|Any CPU.Build.0 = Release|Any CPU
		{C5322C79-4859-4B75-8733-A7C4CF68DB4C}.Debug|Any CPU.ActiveCfg = Debug|Any CPU
		{C5322C79-4859-4B75-8733-A7C4CF68DB4C}.Debug|Any CPU.Build.0 = Debug|Any CPU
		{C5322C79-4859-4B75-8733-A7C4CF68DB4C}.Release|Any CPU.ActiveCfg = Release|Any CPU
		{C5322C79-4859-4B75-8733-A7C4CF68DB4C}.Release|Any CPU.Build.0 = Release|Any CPU
		{AD744A1D-95DA-450C-9ED6-35A13135888F}.Debug|Any CPU.ActiveCfg = Debug|Any CPU
		{AD744A1D-95DA-450C-9ED6-35A13135888F}.Debug|Any CPU.Build.0 = Debug|Any CPU
		{AD744A1D-95DA-450C-9ED6-35A13135888F}.Release|Any CPU.ActiveCfg = Release|Any CPU
		{AD744A1D-95DA-450C-9ED6-35A13135888F}.Release|Any CPU.Build.0 = Release|Any CPU
		{2BF14796-EE61-4166-A4AE-6B3610B6C56F}.Debug|Any CPU.ActiveCfg = Debug|Any CPU
		{2BF14796-EE61-4166-A4AE-6B3610B6C56F}.Debug|Any CPU.Build.0 = Debug|Any CPU
		{2BF14796-EE61-4166-A4AE-6B3610B6C56F}.Release|Any CPU.ActiveCfg = Release|Any CPU
		{2BF14796-EE61-4166-A4AE-6B3610B6C56F}.Release|Any CPU.Build.0 = Release|Any CPU
	EndGlobalSection
	GlobalSection(SolutionProperties) = preSolution
		HideSolutionNode = FALSE
	EndGlobalSection
	GlobalSection(ExtensibilityGlobals) = postSolution
		SolutionGuid = {9F65DF74-A236-4A69-920E-57F3CA953FEA}
	EndGlobalSection
EndGlobal
